
Microsoft Visual Studio Solution File, Format Version 12.00
# Visual Studio Version 16
VisualStudioVersion = 16.0.32929.386
MinimumVisualStudioVersion = 10.0.40219.1
Project("{FAE04EC0-301F-11D3-BF4B-00C04F79EFBC}") = "ISBN", "ISBN\ISBN.csproj", "{99A7AA75-320D-46CB-9639-293E3B844938}"
EndProject
Project("{FAE04EC0-301F-11D3-BF4B-00C04F79EFBC}") = "ISBNTestNew", "ISBNTestNew\ISBNTestNew.csproj", "{7BCA63B9-E350-4719-80E2-AB54BB2AAC9A}"
EndProject
Global
	GlobalSection(SolutionConfigurationPlatforms) = preSolution
		Debug|Any CPU = Debug|Any CPU
		Release|Any CPU = Release|Any CPU
	EndGlobalSection
	GlobalSection(ProjectConfigurationPlatforms) = postSolution
		{99A7AA75-320D-46CB-9639-293E3B844938}.Debug|Any CPU.ActiveCfg = Debug|Any CPU
		{99A7AA75-320D-46CB-9639-293E3B844938}.Debug|Any CPU.Build.0 = Debug|Any CPU
		{99A7AA75-320D-46CB-9639-293E3B844938}.Release|Any CPU.ActiveCfg = Release|Any CPU
		{99A7AA75-320D-46CB-9639-293E3B844938}.Release|Any CPU.Build.0 = Release|Any CPU
		{7BCA63B9-E350-4719-80E2-AB54BB2AAC9A}.Debug|Any CPU.ActiveCfg = Debug|Any CPU
		{7BCA63B9-E350-4719-80E2-AB54BB2AAC9A}.Debug|Any CPU.Build.0 = Debug|Any CPU
		{7BCA63B9-E350-4719-80E2-AB54BB2AAC9A}.Release|Any CPU.ActiveCfg = Release|Any CPU
		{7BCA63B9-E350-4719-80E2-AB54BB2AAC9A}.Release|Any CPU.Build.0 = Release|Any CPU
	EndGlobalSection
	GlobalSection(SolutionProperties) = preSolution
		HideSolutionNode = FALSE
	EndGlobalSection
	GlobalSection(ExtensibilityGlobals) = postSolution
		SolutionGuid = {99E165C9-3E68-4C14-B66A-A21CB850EDF9}
	EndGlobalSection
EndGlobal
